
Microsoft Visual Studio Solution File, Format Version 11.00
# Visual Studio 2010
Project("{8BC9CEB8-8B4A-11D0-8D11-00A0C91BC942}") = "11", "11.vcxproj", "{B949F575-CE39-4D36-B864-BDA13CA22042}"
EndProject
Project("{8BC9CEB8-8B4A-11D0-8D11-00A0C91BC942}") = "12", "..\..\12\12\12.vcxproj", "{D4AC477C-D63E-4BB5-9038-2A8BAD97DE3D}"
EndProject
Project("{8BC9CEB8-8B4A-11D0-8D11-00A0C91BC942}") = "13", "..\..\13\13\13.vcxproj", "{53AC84BB-9E32-4A98-85E4-812093CAE473}"
EndProject
Project("{8BC9CEB8-8B4A-11D0-8D11-00A0C91BC942}") = "14", "..\..\14\14\14.vcxproj", "{E8CD266E-7752-4D19-A41B-04303F7EC897}"
EndProject
Project("{8BC9CEB8-8B4A-11D0-8D11-00A0C91BC942}") = "15", "..\..\15\15\15.vcxproj", "{968265D7-1D80-4111-89C2-CC81676C10D2}"
EndProject
Project("{8BC9CEB8-8B4A-11D0-8D11-00A0C91BC942}") = "16", "..\..\16\16\16.vcxproj", "{EB72CAB0-863E-43E3-8116-1008E85593E5}"
EndProject
Project("{8BC9CEB8-8B4A-11D0-8D11-00A0C91BC942}") = "17", "..\..\17\17\17.vcxproj", "{446CEA0D-C33E-425E-B037-A8950683D4DA}"
EndProject
Project("{8BC9CEB8-8B4A-11D0-8D11-00A0C91BC942}") = "18", "..\..\18\18\18.vcxproj", "{3AF9AA27-36A7-4D24-AAFC-DEF377EDFF31}"
EndProject
Project("{8BC9CEB8-8B4A-11D0-8D11-00A0C91BC942}") = "19", "..\..\19\19\19.vcxproj", "{D485D466-9A26-422C-9EC8-700BB3E4F6D4}"
EndProject
Project("{8BC9CEB8-8B4A-11D0-8D11-00A0C91BC942}") = "20", "..\..\20\20\20.vcxproj", "{448E18C0-E341-4C3E-AD29-3A1E0A936244}"
EndProject
Project("{8BC9CEB8-8B4A-11D0-8D11-00A0C91BC942}") = "21", "..\..\21\21\21.vcxproj", "{D9BD6FB4-2ED1-4E3F-8333-D140ECC8D6D2}"
EndProject
Project("{8BC9CEB8-8B4A-11D0-8D11-00A0C91BC942}") = "22", "..\..\22\22\22.vcxproj", "{50684FD2-209A-4D45-8C53-C97FF6CFEA3E}"
EndProject
Project("{8BC9CEB8-8B4A-11D0-8D11-00A0C91BC942}") = "23", "..\..\23\23\23.vcxproj", "{0AD43E79-4329-4901-AAB7-DA247B8E715E}"
EndProject
Global
	GlobalSection(SolutionConfigurationPlatforms) = preSolution
		Debug|Win32 = Debug|Win32
		Release|Win32 = Release|Win32
	EndGlobalSection
	GlobalSection(ProjectConfigurationPlatforms) = postSolution
		{B949F575-CE39-4D36-B864-BDA13CA22042}.Debug|Win32.ActiveCfg = Debug|Win32
		{B949F575-CE39-4D36-B864-BDA13CA22042}.Debug|Win32.Build.0 = Debug|Win32
		{B949F575-CE39-4D36-B864-BDA13CA22042}.Release|Win32.ActiveCfg = Release|Win32
		{B949F575-CE39-4D36-B864-BDA13CA22042}.Release|Win32.Build.0 = Release|Win32
		{D4AC477C-D63E-4BB5-9038-2A8BAD97DE3D}.Debug|Win32.ActiveCfg = Debug|Win32
		{D4AC477C-D63E-4BB5-9038-2A8BAD97DE3D}.Debug|Win32.Build.0 = Debug|Win32
		{D4AC477C-D63E-4BB5-9038-2A8BAD97DE3D}.Release|Win32.ActiveCfg = Release|Win32
		{D4AC477C-D63E-4BB5-9038-2A8BAD97DE3D}.Release|Win32.Build.0 = Release|Win32
		{53AC84BB-9E32-4A98-85E4-812093CAE473}.Debug|Win32.ActiveCfg = Debug|Win32
		{53AC84BB-9E32-4A98-85E4-812093CAE473}.Debug|Win32.Build.0 = Debug|Win32
		{53AC84BB-9E32-4A98-85E4-812093CAE473}.Release|Win32.ActiveCfg = Release|Win32
		{53AC84BB-9E32-4A98-85E4-812093CAE473}.Release|Win32.Build.0 = Release|Win32
		{E8CD266E-7752-4D19-A41B-04303F7EC897}.Debug|Win32.ActiveCfg = Debug|Win32
		{E8CD266E-7752-4D19-A41B-04303F7EC897}.Debug|Win32.Build.0 = Debug|Win32
		{E8CD266E-7752-4D19-A41B-04303F7EC897}.Release|Win32.ActiveCfg = Release|Win32
		{E8CD266E-7752-4D19-A41B-04303F7EC897}.Release|Win32.Build.0 = Release|Win32
		{968265D7-1D80-4111-89C2-CC81676C10D2}.Debug|Win32.ActiveCfg = Debug|Win32
		{968265D7-1D80-4111-89C2-CC81676C10D2}.Debug|Win32.Build.0 = Debug|Win32
		{968265D7-1D80-4111-89C2-CC81676C10D2}.Release|Win32.ActiveCfg = Release|Win32
		{968265D7-1D80-4111-89C2-CC81676C10D2}.Release|Win32.Build.0 = Release|Win32
		{EB72CAB0-863E-43E3-8116-1008E85593E5}.Debug|Win32.ActiveCfg = Debug|Win32
		{EB72CAB0-863E-43E3-8116-1008E85593E5}.Debug|Win32.Build.0 = Debug|Win32
		{EB72CAB0-863E-43E3-8116-1008E85593E5}.Release|Win32.ActiveCfg = Release|Win32
		{EB72CAB0-863E-43E3-8116-1008E85593E5}.Release|Win32.Build.0 = Release|Win32
		{446CEA0D-C33E-425E-B037-A8950683D4DA}.Debug|Win32.ActiveCfg = Debug|Win32
		{446CEA0D-C33E-425E-B037-A8950683D4DA}.Debug|Win32.Build.0 = Debug|Win32
		{446CEA0D-C33E-425E-B037-A8950683D4DA}.Release|Win32.ActiveCfg = Release|Win32
		{446CEA0D-C33E-425E-B037-A8950683D4DA}.Release|Win32.Build.0 = Release|Win32
		{3AF9AA27-36A7-4D24-AAFC-DEF377EDFF31}.Debug|Win32.ActiveCfg = Debug|Win32
		{3AF9AA27-36A7-4D24-AAFC-DEF377EDFF31}.Debug|Win32.Build.0 = Debug|Win32
		{3AF9AA27-36A7-4D24-AAFC-DEF377EDFF31}.Release|Win32.ActiveCfg = Release|Win32
		{3AF9AA27-36A7-4D24-AAFC-DEF377EDFF31}.Release|Win32.Build.0 = Release|Win32
		{D485D466-9A26-422C-9EC8-700BB3E4F6D4}.Debug|Win32.ActiveCfg = Debug|Win32
		{D485D466-9A26-422C-9EC8-700BB3E4F6D4}.Debug|Win32.Build.0 = Debug|Win32
		{D485D466-9A26-422C-9EC8-700BB3E4F6D4}.Release|Win32.ActiveCfg = Release|Win32
		{D485D466-9A26-422C-9EC8-700BB3E4F6D4}.Release|Win32.Build.0 = Release|Win32
		{448E18C0-E341-4C3E-AD29-3A1E0A936244}.Debug|Win32.ActiveCfg = Debug|Win32
		{448E18C0-E341-4C3E-AD29-3A1E0A936244}.Debug|Win32.Build.0 = Debug|Win32
		{448E18C0-E341-4C3E-AD29-3A1E0A936244}.Release|Win32.ActiveCfg = Release|Win32
		{448E18C0-E341-4C3E-AD29-3A1E0A936244}.Release|Win32.Build.0 = Release|Win32
		{D9BD6FB4-2ED1-4E3F-8333-D140ECC8D6D2}.Debug|Win32.ActiveCfg = Debug|Win32
		{D9BD6FB4-2ED1-4E3F-8333-D140ECC8D6D2}.Debug|Win32.Build.0 = Debug|Win32
		{D9BD6FB4-2ED1-4E3F-8333-D140ECC8D6D2}.Release|Win32.ActiveCfg = Release|Win32
		{D9BD6FB4-2ED1-4E3F-8333-D140ECC8D6D2}.Release|Win32.Build.0 = Release|Win32
		{50684FD2-209A-4D45-8C53-C97FF6CFEA3E}.Debug|Win32.ActiveCfg = Debug|Win32
		{50684FD2-209A-4D45-8C53-C97FF6CFEA3E}.Debug|Win32.Build.0 = Debug|Win32
		{50684FD2-209A-4D45-8C53-C97FF6CFEA3E}.Release|Win32.ActiveCfg = Release|Win32
		{50684FD2-209A-4D45-8C53-C97FF6CFEA3E}.Release|Win32.Build.0 = Release|Win32
		{0AD43E79-4329-4901-AAB7-DA247B8E715E}.Debug|Win32.ActiveCfg = Debug|Win32
		{0AD43E79-4329-4901-AAB7-DA247B8E715E}.Debug|Win32.Build.0 = Debug|Win32
		{0AD43E79-4329-4901-AAB7-DA247B8E715E}.Release|Win32.ActiveCfg = Release|Win32
		{0AD43E79-4329-4901-AAB7-DA247B8E715E}.Release|Win32.Build.0 = Release|Win32
	EndGlobalSection
	GlobalSection(SolutionProperties) = preSolution
		HideSolutionNode = FALSE
	EndGlobalSection
EndGlobal
