
Microsoft Visual Studio Solution File, Format Version 11.00
# Visual Studio 2010
Project("{8BC9CEB8-8B4A-11D0-8D11-00A0C91BC942}") = "23", "23.vcxproj", "{0AD43E79-4329-4901-AAB7-DA247B8E715E}"
EndProject
Project("{8BC9CEB8-8B4A-11D0-8D11-00A0C91BC942}") = "24", "..\..\24\24\24.vcxproj", "{4A20409E-9C16-41C8-ADE9-DD2F63CFD174}"
EndProject
Project("{8BC9CEB8-8B4A-11D0-8D11-00A0C91BC942}") = "25", "..\..\25\25\25.vcxproj", "{8684E364-5B40-47E7-8981-65B39C6A2E54}"
EndProject
Project("{8BC9CEB8-8B4A-11D0-8D11-00A0C91BC942}") = "26", "..\..\26\26\26.vcxproj", "{B95EDEEA-93AE-41EC-B662-6C4D0246B8BD}"
EndProject
Project("{8BC9CEB8-8B4A-11D0-8D11-00A0C91BC942}") = "27", "..\..\27\27\27.vcxproj", "{3A73AFEE-271A-43E4-92E9-7D110F87D75F}"
EndProject
Project("{8BC9CEB8-8B4A-11D0-8D11-00A0C91BC942}") = "28", "..\..\28\28\28.vcxproj", "{9950AC96-E51E-4555-AF9F-C5D5A886D7E1}"
EndProject
Project("{8BC9CEB8-8B4A-11D0-8D11-00A0C91BC942}") = "29", "..\..\29\29\29.vcxproj", "{C0ACE4B3-A181-4AB9-93B6-AB55B9DF91CB}"
EndProject
Project("{8BC9CEB8-8B4A-11D0-8D11-00A0C91BC942}") = "30", "..\..\30\30\30.vcxproj", "{DA2123A2-88E3-426E-B76D-128CB50DE612}"
EndProject
Project("{8BC9CEB8-8B4A-11D0-8D11-00A0C91BC942}") = "31", "..\..\31\31\31.vcxproj", "{6D7277A8-4704-470C-A1DD-5BCCE5B672BE}"
EndProject
Project("{8BC9CEB8-8B4A-11D0-8D11-00A0C91BC942}") = "32", "32\32.vcxproj", "{FD76C6CD-DE5C-4A8C-A7B3-64FDBE7998F9}"
EndProject
Project("{8BC9CEB8-8B4A-11D0-8D11-00A0C91BC942}") = "33", "..\..\33\33\33.vcxproj", "{DADBA6E0-1B31-43E7-9ED8-3AD58D7833A6}"
EndProject
Project("{8BC9CEB8-8B4A-11D0-8D11-00A0C91BC942}") = "34", "..\..\34\34\34.vcxproj", "{2F0AAE34-65E4-4A5C-97C3-A95C06C5FA24}"
EndProject
Global
	GlobalSection(SolutionConfigurationPlatforms) = preSolution
		Debug|Win32 = Debug|Win32
		Release|Win32 = Release|Win32
	EndGlobalSection
	GlobalSection(ProjectConfigurationPlatforms) = postSolution
		{0AD43E79-4329-4901-AAB7-DA247B8E715E}.Debug|Win32.ActiveCfg = Debug|Win32
		{0AD43E79-4329-4901-AAB7-DA247B8E715E}.Debug|Win32.Build.0 = Debug|Win32
		{0AD43E79-4329-4901-AAB7-DA247B8E715E}.Release|Win32.ActiveCfg = Release|Win32
		{0AD43E79-4329-4901-AAB7-DA247B8E715E}.Release|Win32.Build.0 = Release|Win32
		{4A20409E-9C16-41C8-ADE9-DD2F63CFD174}.Debug|Win32.ActiveCfg = Debug|Win32
		{4A20409E-9C16-41C8-ADE9-DD2F63CFD174}.Debug|Win32.Build.0 = Debug|Win32
		{4A20409E-9C16-41C8-ADE9-DD2F63CFD174}.Release|Win32.ActiveCfg = Release|Win32
		{4A20409E-9C16-41C8-ADE9-DD2F63CFD174}.Release|Win32.Build.0 = Release|Win32
		{8684E364-5B40-47E7-8981-65B39C6A2E54}.Debug|Win32.ActiveCfg = Debug|Win32
		{8684E364-5B40-47E7-8981-65B39C6A2E54}.Debug|Win32.Build.0 = Debug|Win32
		{8684E364-5B40-47E7-8981-65B39C6A2E54}.Release|Win32.ActiveCfg = Release|Win32
		{8684E364-5B40-47E7-8981-65B39C6A2E54}.Release|Win32.Build.0 = Release|Win32
		{B95EDEEA-93AE-41EC-B662-6C4D0246B8BD}.Debug|Win32.ActiveCfg = Debug|Win32
		{B95EDEEA-93AE-41EC-B662-6C4D0246B8BD}.Debug|Win32.Build.0 = Debug|Win32
		{B95EDEEA-93AE-41EC-B662-6C4D0246B8BD}.Release|Win32.ActiveCfg = Release|Win32
		{B95EDEEA-93AE-41EC-B662-6C4D0246B8BD}.Release|Win32.Build.0 = Release|Win32
		{3A73AFEE-271A-43E4-92E9-7D110F87D75F}.Debug|Win32.ActiveCfg = Debug|Win32
		{3A73AFEE-271A-43E4-92E9-7D110F87D75F}.Debug|Win32.Build.0 = Debug|Win32
		{3A73AFEE-271A-43E4-92E9-7D110F87D75F}.Release|Win32.ActiveCfg = Release|Win32
		{3A73AFEE-271A-43E4-92E9-7D110F87D75F}.Release|Win32.Build.0 = Release|Win32
		{9950AC96-E51E-4555-AF9F-C5D5A886D7E1}.Debug|Win32.ActiveCfg = Debug|Win32
		{9950AC96-E51E-4555-AF9F-C5D5A886D7E1}.Debug|Win32.Build.0 = Debug|Win32
		{9950AC96-E51E-4555-AF9F-C5D5A886D7E1}.Release|Win32.ActiveCfg = Release|Win32
		{9950AC96-E51E-4555-AF9F-C5D5A886D7E1}.Release|Win32.Build.0 = Release|Win32
		{C0ACE4B3-A181-4AB9-93B6-AB55B9DF91CB}.Debug|Win32.ActiveCfg = Debug|Win32
		{C0ACE4B3-A181-4AB9-93B6-AB55B9DF91CB}.Debug|Win32.Build.0 = Debug|Win32
		{C0ACE4B3-A181-4AB9-93B6-AB55B9DF91CB}.Release|Win32.ActiveCfg = Release|Win32
		{C0ACE4B3-A181-4AB9-93B6-AB55B9DF91CB}.Release|Win32.Build.0 = Release|Win32
		{DA2123A2-88E3-426E-B76D-128CB50DE612}.Debug|Win32.ActiveCfg = Debug|Win32
		{DA2123A2-88E3-426E-B76D-128CB50DE612}.Debug|Win32.Build.0 = Debug|Win32
		{DA2123A2-88E3-426E-B76D-128CB50DE612}.Release|Win32.ActiveCfg = Release|Win32
		{DA2123A2-88E3-426E-B76D-128CB50DE612}.Release|Win32.Build.0 = Release|Win32
		{6D7277A8-4704-470C-A1DD-5BCCE5B672BE}.Debug|Win32.ActiveCfg = Debug|Win32
		{6D7277A8-4704-470C-A1DD-5BCCE5B672BE}.Debug|Win32.Build.0 = Debug|Win32
		{6D7277A8-4704-470C-A1DD-5BCCE5B672BE}.Release|Win32.ActiveCfg = Release|Win32
		{6D7277A8-4704-470C-A1DD-5BCCE5B672BE}.Release|Win32.Build.0 = Release|Win32
		{FD76C6CD-DE5C-4A8C-A7B3-64FDBE7998F9}.Debug|Win32.ActiveCfg = Debug|Win32
		{FD76C6CD-DE5C-4A8C-A7B3-64FDBE7998F9}.Debug|Win32.Build.0 = Debug|Win32
		{FD76C6CD-DE5C-4A8C-A7B3-64FDBE7998F9}.Release|Win32.ActiveCfg = Release|Win32
		{FD76C6CD-DE5C-4A8C-A7B3-64FDBE7998F9}.Release|Win32.Build.0 = Release|Win32
		{DADBA6E0-1B31-43E7-9ED8-3AD58D7833A6}.Debug|Win32.ActiveCfg = Debug|Win32
		{DADBA6E0-1B31-43E7-9ED8-3AD58D7833A6}.Debug|Win32.Build.0 = Debug|Win32
		{DADBA6E0-1B31-43E7-9ED8-3AD58D7833A6}.Release|Win32.ActiveCfg = Release|Win32
		{DADBA6E0-1B31-43E7-9ED8-3AD58D7833A6}.Release|Win32.Build.0 = Release|Win32
		{2F0AAE34-65E4-4A5C-97C3-A95C06C5FA24}.Debug|Win32.ActiveCfg = Debug|Win32
		{2F0AAE34-65E4-4A5C-97C3-A95C06C5FA24}.Debug|Win32.Build.0 = Debug|Win32
		{2F0AAE34-65E4-4A5C-97C3-A95C06C5FA24}.Release|Win32.ActiveCfg = Release|Win32
		{2F0AAE34-65E4-4A5C-97C3-A95C06C5FA24}.Release|Win32.Build.0 = Release|Win32
	EndGlobalSection
	GlobalSection(SolutionProperties) = preSolution
		HideSolutionNode = FALSE
	EndGlobalSection
EndGlobal
